PODS:
  - Flutter (1.0.0)
  - integration_test (0.0.1):
    - Flutter
  - liquid_glass_player (0.0.1):
    - Flutter

DEPENDENCIES:
  - Flutter (from `Flutter`)
  - integration_test (from `.symlinks/plugins/integration_test/ios`)
  - liquid_glass_player (from `.symlinks/plugins/liquid_glass_player/ios`)

EXTERNAL SOURCES:
  Flutter:
    :path: Flutter
  integration_test:
    :path: ".symlinks/plugins/integration_test/ios"
  liquid_glass_player:
    :path: ".symlinks/plugins/liquid_glass_player/ios"

SPEC CHECKSUMS:
  Flutter: cabc95a1d2626b1b06e7179b784ebcf0c0cde467
  integration_test: 4a889634ef21a45d28d50d622cf412dc6d9f586e
  liquid_glass_player: 4055e1bd94f85acf62b8a34231a294d779f56247

PODFILE CHECKSUM: 4b015915ec662986b54bf30ab778da63f7dda016

COCOAPODS: 1.16.2
